{
  "version": 1,
  "dependencies": {
    ".NETCoreApp,Version=v5.0": {
      "jodo.benchmarking": {
        "type": "Project"
      },
      "jodo.checkednumerics": {
        "type": "Project",
        "dependencies": {
          "Jodo.Numerics": "1.0.0-preview1"
        }
      },
      "jodo.numerics": {
        "type": "Project",
        "dependencies": {
          "Jodo.Primitives": "1.0.0-preview1"
        }
      },
      "jodo.primitives": {
        "type": "Project"
      }
    }
  }
}